
Microsoft Visual Studio Solution File, Format Version 12.00
# Visual Studio Version 17
VisualStudioVersion = 17.9.34622.214
MinimumVisualStudioVersion = 10.0.40219.1
Project("{FAE04EC0-301F-11D3-BF4B-00C04F79EFBC}") = "Sistema_Bancário", "Sistema_Bancário\Sistema_Bancário.csproj", "{15408853-9D15-4226-891B-D423765A3908}"
EndProject
Global
	GlobalSection(SolutionConfigurationPlatforms) = preSolution
		Debug|Any CPU = Debug|Any CPU
		Release|Any CPU = Release|Any CPU
	EndGlobalSection
	GlobalSection(ProjectConfigurationPlatforms) = postSolution
		{15408853-9D15-4226-891B-D423765A3908}.Debug|Any CPU.ActiveCfg = Debug|Any CPU
		{15408853-9D15-4226-891B-D423765A3908}.Debug|Any CPU.Build.0 = Debug|Any CPU
		{15408853-9D15-4226-891B-D423765A3908}.Release|Any CPU.ActiveCfg = Release|Any CPU
		{15408853-9D15-4226-891B-D423765A3908}.Release|Any CPU.Build.0 = Release|Any CPU
	EndGlobalSection
	GlobalSection(SolutionProperties) = preSolution
		HideSolutionNode = FALSE
	EndGlobalSection
	GlobalSection(ExtensibilityGlobals) = postSolution
		SolutionGuid = {E51DB756-44A3-4B14-9E21-D34E64F3828F}
	EndGlobalSection
EndGlobal
